
Microsoft Visual Studio Solution File, Format Version 12.00
# Visual Studio Version 16
VisualStudioVersion = 16.0.30320.27
MinimumVisualStudioVersion = 10.0.40219.1
Project("{9A19103F-16F7-4668-BE54-9A1E7A4F7556}") = "JsonSchema", "JsonSchema\JsonSchema.csproj", "{B936A840-C0AC-4B19-9C8D-55A40F4C0022}"
EndProject
Project("{9A19103F-16F7-4668-BE54-9A1E7A4F7556}") = "JsonPointer", "JsonPointer\JsonPointer.csproj", "{2F14586F-20F4-48DD-B224-4731CEA24045}"
EndProject
Project("{9A19103F-16F7-4668-BE54-9A1E7A4F7556}") = "JsonPointer.Tests", "JsonPointer.Tests\JsonPointer.Tests.csproj", "{949D6DFD-3605-4ECA-87DD-105898839EEC}"
EndProject
Project("{9A19103F-16F7-4668-BE54-9A1E7A4F7556}") = "JsonPointer.Benchmark", "JsonPointer.Benchmark\JsonPointer.Benchmark.csproj", "{AB6860E2-2806-443B-9BB4-737C589E25DA}"
EndProject
Project("{9A19103F-16F7-4668-BE54-9A1E7A4F7556}") = "JsonSchema.Tests", "JsonSchema.Tests\JsonSchema.Tests.csproj", "{0141E58A-FED6-4277-8793-85CEC87E5AC2}"
EndProject
Project("{2150E333-8FDC-42A3-9474-1A3956D46DE8}") = "MetaSchemas", "MetaSchemas", "{CB7DADBA-D486-42D0-A972-00DB95F697F9}"
	ProjectSection(SolutionItems) = preProject
		Meta-Schemas\schema06.json = Meta-Schemas\schema06.json
		Meta-Schemas\schema07.json = Meta-Schemas\schema07.json
	EndProjectSection
EndProject
Project("{2150E333-8FDC-42A3-9474-1A3956D46DE8}") = "schema2019-09", "schema2019-09", "{1E5D622A-CB2F-40A2-B277-06F58B1ADB63}"
	ProjectSection(SolutionItems) = preProject
		Meta-Schemas\2019-09\applicator.json = Meta-Schemas\2019-09\applicator.json
		Meta-Schemas\2019-09\content.json = Meta-Schemas\2019-09\content.json
		Meta-Schemas\2019-09\core.json = Meta-Schemas\2019-09\core.json
		Meta-Schemas\2019-09\format.json = Meta-Schemas\2019-09\format.json
		Meta-Schemas\2019-09\meta-data.json = Meta-Schemas\2019-09\meta-data.json
		Meta-Schemas\2019-09\schema.json = Meta-Schemas\2019-09\schema.json
		Meta-Schemas\2019-09\validation.json = Meta-Schemas\2019-09\validation.json
	EndProjectSection
EndProject
Project("{9A19103F-16F7-4668-BE54-9A1E7A4F7556}") = "Json.More", "Json.More\Json.More.csproj", "{3B375A99-1DF2-49D3-BCD2-42E04552FCA6}"
EndProject
Project("{9A19103F-16F7-4668-BE54-9A1E7A4F7556}") = "JsonPath", "JsonPath\JsonPath.csproj", "{4BAE35FA-3580-4BDB-89FB-2F5B4DB20207}"
EndProject
Project("{9A19103F-16F7-4668-BE54-9A1E7A4F7556}") = "JsonPath.Tests", "JsonPath.Tests\JsonPath.Tests.csproj", "{14B1DBB1-4D5C-4F19-82C2-EEE2D160DC48}"
EndProject
Project("{FAE04EC0-301F-11D3-BF4B-00C04F79EFBC}") = "JsonPatch", "JsonPatch\JsonPatch.csproj", "{1771519F-C54F-4C3F-8377-65C67D47727A}"
EndProject
Project("{FAE04EC0-301F-11D3-BF4B-00C04F79EFBC}") = "JsonPatch.Tests", "JsonPatch.Tests\JsonPatch.Tests.csproj", "{90DBF8E4-12BC-478F-B1BF-0E7CAAEC60E7}"
EndProject
Global
	GlobalSection(SolutionConfigurationPlatforms) = preSolution
		Debug|Any CPU = Debug|Any CPU
		Release|Any CPU = Release|Any CPU
	EndGlobalSection
	GlobalSection(ProjectConfigurationPlatforms) = postSolution
		{B936A840-C0AC-4B19-9C8D-55A40F4C0022}.Debug|Any CPU.ActiveCfg = Debug|Any CPU
		{B936A840-C0AC-4B19-9C8D-55A40F4C0022}.Debug|Any CPU.Build.0 = Debug|Any CPU
		{B936A840-C0AC-4B19-9C8D-55A40F4C0022}.Release|Any CPU.ActiveCfg = Release|Any CPU
		{B936A840-C0AC-4B19-9C8D-55A40F4C0022}.Release|Any CPU.Build.0 = Release|Any CPU
		{2F14586F-20F4-48DD-B224-4731CEA24045}.Debug|Any CPU.ActiveCfg = Debug|Any CPU
		{2F14586F-20F4-48DD-B224-4731CEA24045}.Debug|Any CPU.Build.0 = Debug|Any CPU
		{2F14586F-20F4-48DD-B224-4731CEA24045}.Release|Any CPU.ActiveCfg = Release|Any CPU
		{2F14586F-20F4-48DD-B224-4731CEA24045}.Release|Any CPU.Build.0 = Release|Any CPU
		{949D6DFD-3605-4ECA-87DD-105898839EEC}.Debug|Any CPU.ActiveCfg = Debug|Any CPU
		{949D6DFD-3605-4ECA-87DD-105898839EEC}.Debug|Any CPU.Build.0 = Debug|Any CPU
		{949D6DFD-3605-4ECA-87DD-105898839EEC}.Release|Any CPU.ActiveCfg = Release|Any CPU
		{949D6DFD-3605-4ECA-87DD-105898839EEC}.Release|Any CPU.Build.0 = Release|Any CPU
		{AB6860E2-2806-443B-9BB4-737C589E25DA}.Debug|Any CPU.ActiveCfg = Debug|Any CPU
		{AB6860E2-2806-443B-9BB4-737C589E25DA}.Debug|Any CPU.Build.0 = Debug|Any CPU
		{AB6860E2-2806-443B-9BB4-737C589E25DA}.Release|Any CPU.ActiveCfg = Release|Any CPU
		{AB6860E2-2806-443B-9BB4-737C589E25DA}.Release|Any CPU.Build.0 = Release|Any CPU
		{0141E58A-FED6-4277-8793-85CEC87E5AC2}.Debug|Any CPU.ActiveCfg = Debug|Any CPU
		{0141E58A-FED6-4277-8793-85CEC87E5AC2}.Debug|Any CPU.Build.0 = Debug|Any CPU
		{0141E58A-FED6-4277-8793-85CEC87E5AC2}.Release|Any CPU.ActiveCfg = Release|Any CPU
		{0141E58A-FED6-4277-8793-85CEC87E5AC2}.Release|Any CPU.Build.0 = Release|Any CPU
		{3B375A99-1DF2-49D3-BCD2-42E04552FCA6}.Debug|Any CPU.ActiveCfg = Debug|Any CPU
		{3B375A99-1DF2-49D3-BCD2-42E04552FCA6}.Debug|Any CPU.Build.0 = Debug|Any CPU
		{3B375A99-1DF2-49D3-BCD2-42E04552FCA6}.Release|Any CPU.ActiveCfg = Release|Any CPU
		{3B375A99-1DF2-49D3-BCD2-42E04552FCA6}.Release|Any CPU.Build.0 = Release|Any CPU
		{4BAE35FA-3580-4BDB-89FB-2F5B4DB20207}.Debug|Any CPU.ActiveCfg = Debug|Any CPU
		{4BAE35FA-3580-4BDB-89FB-2F5B4DB20207}.Debug|Any CPU.Build.0 = Debug|Any CPU
		{4BAE35FA-3580-4BDB-89FB-2F5B4DB20207}.Release|Any CPU.ActiveCfg = Release|Any CPU
		{4BAE35FA-3580-4BDB-89FB-2F5B4DB20207}.Release|Any CPU.Build.0 = Release|Any CPU
		{14B1DBB1-4D5C-4F19-82C2-EEE2D160DC48}.Debug|Any CPU.ActiveCfg = Debug|Any CPU
		{14B1DBB1-4D5C-4F19-82C2-EEE2D160DC48}.Debug|Any CPU.Build.0 = Debug|Any CPU
		{14B1DBB1-4D5C-4F19-82C2-EEE2D160DC48}.Release|Any CPU.ActiveCfg = Release|Any CPU
		{14B1DBB1-4D5C-4F19-82C2-EEE2D160DC48}.Release|Any CPU.Build.0 = Release|Any CPU
		{1771519F-C54F-4C3F-8377-65C67D47727A}.Debug|Any CPU.ActiveCfg = Debug|Any CPU
		{1771519F-C54F-4C3F-8377-65C67D47727A}.Debug|Any CPU.Build.0 = Debug|Any CPU
		{1771519F-C54F-4C3F-8377-65C67D47727A}.Release|Any CPU.ActiveCfg = Release|Any CPU
		{1771519F-C54F-4C3F-8377-65C67D47727A}.Release|Any CPU.Build.0 = Release|Any CPU
		{90DBF8E4-12BC-478F-B1BF-0E7CAAEC60E7}.Debug|Any CPU.ActiveCfg = Debug|Any CPU
		{90DBF8E4-12BC-478F-B1BF-0E7CAAEC60E7}.Debug|Any CPU.Build.0 = Debug|Any CPU
		{90DBF8E4-12BC-478F-B1BF-0E7CAAEC60E7}.Release|Any CPU.ActiveCfg = Release|Any CPU
		{90DBF8E4-12BC-478F-B1BF-0E7CAAEC60E7}.Release|Any CPU.Build.0 = Release|Any CPU
	EndGlobalSection
	GlobalSection(SolutionProperties) = preSolution
		HideSolutionNode = FALSE
	EndGlobalSection
	GlobalSection(NestedProjects) = preSolution
		{1E5D622A-CB2F-40A2-B277-06F58B1ADB63} = {CB7DADBA-D486-42D0-A972-00DB95F697F9}
	EndGlobalSection
	GlobalSection(ExtensibilityGlobals) = postSolution
		SolutionGuid = {366B43A8-8380-41C8-B855-B82689CBA669}
	EndGlobalSection
EndGlobal
